
Microsoft Visual Studio Solution File, Format Version 12.00
# Visual Studio Version 17
VisualStudioVersion = 17.14.36429.23
MinimumVisualStudioVersion = 10.0.40219.1
Project("{2150E333-8FDC-42A3-9474-1A3956D46DE8}") = "Task0", "Task0", "{02EA681E-C7D8-13C7-8484-4AC65E1B71E8}"
EndProject
Project("{FAE04EC0-301F-11D3-BF4B-00C04F79EFBC}") = "Tyuiu.TenkeumiaffoSL.Sprint1.Task0.V14", "Tyuiu.TenkeumiaffoSL.Sprint1.Task0.V14\Tyuiu.TenkeumiaffoSL.Sprint1.Task0.V14.csproj", "{316BD6FB-53A8-4A43-BFFE-D7B4A8308549}"
EndProject
Project("{FAE04EC0-301F-11D3-BF4B-00C04F79EFBC}") = "Tyuiu.TenkeumiaffoSL.Sprint1.Task0.V14.Lib", "Tyuiu.TenkeumiaffoSL.Sprint1.Task0.V14.Lib\Tyuiu.TenkeumiaffoSL.Sprint1.Task0.V14.Lib.csproj", "{D8155267-C7FC-4360-B218-A88E17BA459E}"
EndProject
Project("{FAE04EC0-301F-11D3-BF4B-00C04F79EFBC}") = "Tyuiu.TenkeumiaffoSL.Sprint1.Task0.V14.Test", "Tyuiu.TenkeumiaffoSL.Sprint1.Task0.V14.Test\Tyuiu.TenkeumiaffoSL.Sprint1.Task0.V14.Test.csproj", "{BE59F1CA-0F1B-4AB6-9343-63B5938B0C78}"
EndProject
Project("{2150E333-8FDC-42A3-9474-1A3956D46DE8}") = "Task1", "Task1", "{5EC031F5-2566-4B69-8486-22004DDAD5CF}"
EndProject
Project("{FAE04EC0-301F-11D3-BF4B-00C04F79EFBC}") = "Tyuiu.TenkeumiaffoSL.Sprint1.Task1.V10", "Tyuiu.TenkeumiaffoSL.Sprint1.Task1.V10\Tyuiu.TenkeumiaffoSL.Sprint1.Task1.V10.csproj", "{E23876D6-0390-4A9E-A28B-02DBBECA221B}"
EndProject
Project("{FAE04EC0-301F-11D3-BF4B-00C04F79EFBC}") = "Tyuiu.TenkeumiaffoSL.Sprint1.Task1.V10.Lib", "Tyuiu.TenkeumiaffoSL.Sprint1.Task1.V10.Lib\Tyuiu.TenkeumiaffoSL.Sprint1.Task1.V10.Lib.csproj", "{AEEFE7DD-FC1C-4C3B-BB5F-9B0BBAB21A3B}"
EndProject
Project("{FAE04EC0-301F-11D3-BF4B-00C04F79EFBC}") = "Tyuiu.TenkeumiaffoSL.Sprint1.Task1.V10.Test", "Tyuiu.TenkeumiaffoSL.Sprint1.Task1.V10.Test\Tyuiu.TenkeumiaffoSL.Sprint1.Task1.V10.Test.csproj", "{8BBA3F6D-1AD7-42D6-BA7C-E2F025EBB76D}"
EndProject
Project("{2150E333-8FDC-42A3-9474-1A3956D46DE8}") = "Task2", "Task2", "{D22EA87B-6983-4829-9658-498EBEB7FE0F}"
EndProject
Project("{FAE04EC0-301F-11D3-BF4B-00C04F79EFBC}") = "Tyuiu.TenkeumiaffoSL.Sprint1.Task2.V20", "Tyuiu.TenkeumiaffoSL.Sprint1.Task2.V20\Tyuiu.TenkeumiaffoSL.Sprint1.Task2.V20.csproj", "{2A3B9736-3B2D-4D59-BBA4-3F7A3D0D77CC}"
EndProject
Project("{FAE04EC0-301F-11D3-BF4B-00C04F79EFBC}") = "Tyuiu.TenkeumiaffoSL.Sprint1.Task2.V20.Lib", "Tyuiu.TenkeumiaffoSL.Sprint1.Task2.V20.Lib\Tyuiu.TenkeumiaffoSL.Sprint1.Task2.V20.Lib.csproj", "{0D6B9081-BDF7-4191-92B0-E06AFC34CF72}"
EndProject
Project("{FAE04EC0-301F-11D3-BF4B-00C04F79EFBC}") = "Tyuiu.TenkeumiaffoSL.Sprint1.Task2.V20.Test", "Tyuiu.TenkeumiaffoSL.Sprint1.Task2.V20.Test\Tyuiu.TenkeumiaffoSL.Sprint1.Task2.V20.Test.csproj", "{B0983050-B74F-41FF-AC66-6F8EAB789BB4}"
EndProject
Project("{2150E333-8FDC-42A3-9474-1A3956D46DE8}") = "Task3", "Task3", "{B8B5D9A0-2A49-468C-952D-E7EEA41A6BEE}"
EndProject
Project("{FAE04EC0-301F-11D3-BF4B-00C04F79EFBC}") = "Tyuiu.TenkeumiaffoSL.Sprint1.Task3.V18", "Tyuiu.TenkeumiaffoSL.Sprint1.Task3.V18\Tyuiu.TenkeumiaffoSL.Sprint1.Task3.V18.csproj", "{BECB2B8F-1B6E-4A81-B87E-132116CEE7ED}"
EndProject
Project("{FAE04EC0-301F-11D3-BF4B-00C04F79EFBC}") = "Tyuiu.TenkeumiaffoSL.Sprint1.Task3.V18.Lib", "Tyuiu.TenkeumiaffoSL.Sprint1.Task3.V18.Lib\Tyuiu.TenkeumiaffoSL.Sprint1.Task3.V18.Lib.csproj", "{0FC2C7DB-4987-4028-BF89-5B2FB5DE4D54}"
EndProject
Project("{FAE04EC0-301F-11D3-BF4B-00C04F79EFBC}") = "Tyuiu.TenkeumiaffoSL.Sprint1.Task3.V18.Test", "Tyuiu.TenkeumiaffoSL.Sprint1.Task3.V18.Test\Tyuiu.TenkeumiaffoSL.Sprint1.Task3.V18.Test.csproj", "{94818721-8050-46F5-9600-AFBE590C9C24}"
EndProject
Project("{2150E333-8FDC-42A3-9474-1A3956D46DE8}") = "Task4", "Task4", "{E976C290-5EA9-4501-865F-0D5229F30488}"
EndProject
Project("{FAE04EC0-301F-11D3-BF4B-00C04F79EFBC}") = "Tyuiu.TenkeumiaffoSL.Sprint1.Task4.V7", "Tyuiu.TenkeumiaffoSL.Sprint1.Task4.V7\Tyuiu.TenkeumiaffoSL.Sprint1.Task4.V7.csproj", "{731C6BD5-869E-4DB1-8EE2-6636D3C41CBB}"
EndProject
Project("{FAE04EC0-301F-11D3-BF4B-00C04F79EFBC}") = "Tyuiu.TenkeumiaffoSL.Sprint1.Task4.V7.Lib", "Tyuiu.TenkeumiaffoSL.Sprint1.Task4.V7.Lib\Tyuiu.TenkeumiaffoSL.Sprint1.Task4.V7.Lib.csproj", "{AC9DAC33-06F6-4395-9DB5-4E2A0300D157}"
EndProject
Project("{FAE04EC0-301F-11D3-BF4B-00C04F79EFBC}") = "Tyuiu.TenkeumiaffoSL.Sprint1.Task4.V7.Test", "Tyuiu.TenkeumiaffoSL.Sprint1.Task4.V7.Test\Tyuiu.TenkeumiaffoSL.Sprint1.Task4.V7.Test.csproj", "{D26F406B-3E82-4A6D-9A74-E88C809198B1}"
EndProject
Project("{2150E333-8FDC-42A3-9474-1A3956D46DE8}") = "Task5", "Task5", "{5C394E13-36A4-4C66-ACDB-219A66433997}"
EndProject
Project("{FAE04EC0-301F-11D3-BF4B-00C04F79EFBC}") = "Tyuiu.TenkeumiaffoSL.Sprint1.Task5.V4", "Tyuiu.TenkeumiaffoSL.Sprint1.Task5.V4\Tyuiu.TenkeumiaffoSL.Sprint1.Task5.V4.csproj", "{537D1150-127F-4935-AC31-142F0D7225DE}"
EndProject
Project("{FAE04EC0-301F-11D3-BF4B-00C04F79EFBC}") = "Tyuiu.TenkeumiaffoSL.Sprint1.Task5.V4.Lib", "Tyuiu.TenkeumiaffoSL.Sprint1.Task5.V4.Lib\Tyuiu.TenkeumiaffoSL.Sprint1.Task5.V4.Lib.csproj", "{A7F66BA0-903A-4DB6-952D-95FA5AE4F525}"
EndProject
Project("{FAE04EC0-301F-11D3-BF4B-00C04F79EFBC}") = "Tyuiu.TenkeumiaffoSL.Sprint1.Task5.V4Test", "Tyuiu.TenkeumiaffoSL.Sprint1.Task5.V4Test\Tyuiu.TenkeumiaffoSL.Sprint1.Task5.V4Test.csproj", "{5938AF1F-04E4-498E-9294-BCBE743031C2}"
EndProject
Project("{2150E333-8FDC-42A3-9474-1A3956D46DE8}") = "Task6", "Task6", "{02D51B6C-27F7-446E-B03B-143E4E35CDDF}"
EndProject
Project("{FAE04EC0-301F-11D3-BF4B-00C04F79EFBC}") = "Tyuiu.TenkeumiaffoSL.Sprint1.Task6.V1", "Tyuiu.TenkeumiaffoSL.Sprint1.Task6.V1\Tyuiu.TenkeumiaffoSL.Sprint1.Task6.V1.csproj", "{6D27A632-F0D9-46BD-BC7D-3B2603E2364F}"
EndProject
Project("{FAE04EC0-301F-11D3-BF4B-00C04F79EFBC}") = "Tyuiu.TenkeumiaffoSL.Sprint1.Task6.V1.Lib", "Tyuiu.TenkeumiaffoSL.Sprint1.Task6.V1.Lib\Tyuiu.TenkeumiaffoSL.Sprint1.Task6.V1.Lib.csproj", "{9FDE8B2C-5A01-4707-97D8-A2C64697240C}"
EndProject
Project("{FAE04EC0-301F-11D3-BF4B-00C04F79EFBC}") = "Tyuiu.TenkeumiaffoSL.Sprint1.Task6.V1Test", "Tyuiu.TenkeumiaffoSL.Sprint1.Task6.V1Test\Tyuiu.TenkeumiaffoSL.Sprint1.Task6.V1Test.csproj", "{14F64700-4A4E-41BF-896B-1F96A5106B1C}"
EndProject
Project("{2150E333-8FDC-42A3-9474-1A3956D46DE8}") = "Task7", "Task7", "{AF9E6231-716F-44EB-90B8-EE50D7CB3712}"
EndProject
Project("{FAE04EC0-301F-11D3-BF4B-00C04F79EFBC}") = "Tyuiu.TenkeumiaffoSL.Sprint1.Task7.V29", "Tyuiu.TenkeumiaffoSL.Sprint1.Task7.V29\Tyuiu.TenkeumiaffoSL.Sprint1.Task7.V29.csproj", "{F3544048-2B2E-4E58-907D-79FAE8F25A9A}"
EndProject
Project("{FAE04EC0-301F-11D3-BF4B-00C04F79EFBC}") = "Tyuiu.TenkeumiaffoSL.Sprint1.Task7.V29.Lib", "Tyuiu.TenkeumiaffoSL.Sprint1.Task7.V29.Lib\Tyuiu.TenkeumiaffoSL.Sprint1.Task7.V29.Lib.csproj", "{7B7F6D9E-A9F6-4421-A101-53A398959346}"
EndProject
Project("{FAE04EC0-301F-11D3-BF4B-00C04F79EFBC}") = "Tyuiu.TenkeumiaffoSL.Sprint1.Task7.V29.Test", "Tyuiu.TenkeumiaffoSL.Sprint1.Task7.V29.Test\Tyuiu.TenkeumiaffoSL.Sprint1.Task7.V29.Test.csproj", "{074755CD-0ACB-4671-B1AB-FE16C6CEC387}"
EndProject
Global
	GlobalSection(SolutionConfigurationPlatforms) = preSolution
		Debug|Any CPU = Debug|Any CPU
		Release|Any CPU = Release|Any CPU
	EndGlobalSection
	GlobalSection(ProjectConfigurationPlatforms) = postSolution
		{316BD6FB-53A8-4A43-BFFE-D7B4A8308549}.Debug|Any CPU.ActiveCfg = Debug|Any CPU
		{316BD6FB-53A8-4A43-BFFE-D7B4A8308549}.Debug|Any CPU.Build.0 = Debug|Any CPU
		{316BD6FB-53A8-4A43-BFFE-D7B4A8308549}.Release|Any CPU.ActiveCfg = Release|Any CPU
		{316BD6FB-53A8-4A43-BFFE-D7B4A8308549}.Release|Any CPU.Build.0 = Release|Any CPU
		{D8155267-C7FC-4360-B218-A88E17BA459E}.Debug|Any CPU.ActiveCfg = Debug|Any CPU
		{D8155267-C7FC-4360-B218-A88E17BA459E}.Debug|Any CPU.Build.0 = Debug|Any CPU
		{D8155267-C7FC-4360-B218-A88E17BA459E}.Release|Any CPU.ActiveCfg = Release|Any CPU
		{D8155267-C7FC-4360-B218-A88E17BA459E}.Release|Any CPU.Build.0 = Release|Any CPU
		{BE59F1CA-0F1B-4AB6-9343-63B5938B0C78}.Debug|Any CPU.ActiveCfg = Debug|Any CPU
		{BE59F1CA-0F1B-4AB6-9343-63B5938B0C78}.Debug|Any CPU.Build.0 = Debug|Any CPU
		{BE59F1CA-0F1B-4AB6-9343-63B5938B0C78}.Release|Any CPU.ActiveCfg = Release|Any CPU
		{BE59F1CA-0F1B-4AB6-9343-63B5938B0C78}.Release|Any CPU.Build.0 = Release|Any CPU
		{E23876D6-0390-4A9E-A28B-02DBBECA221B}.Debug|Any CPU.ActiveCfg = Debug|Any CPU
		{E23876D6-0390-4A9E-A28B-02DBBECA221B}.Debug|Any CPU.Build.0 = Debug|Any CPU
		{E23876D6-0390-4A9E-A28B-02DBBECA221B}.Release|Any CPU.ActiveCfg = Release|Any CPU
		{E23876D6-0390-4A9E-A28B-02DBBECA221B}.Release|Any CPU.Build.0 = Release|Any CPU
		{AEEFE7DD-FC1C-4C3B-BB5F-9B0BBAB21A3B}.Debug|Any CPU.ActiveCfg = Debug|Any CPU
		{AEEFE7DD-FC1C-4C3B-BB5F-9B0BBAB21A3B}.Debug|Any CPU.Build.0 = Debug|Any CPU
		{AEEFE7DD-FC1C-4C3B-BB5F-9B0BBAB21A3B}.Release|Any CPU.ActiveCfg = Release|Any CPU
		{AEEFE7DD-FC1C-4C3B-BB5F-9B0BBAB21A3B}.Release|Any CPU.Build.0 = Release|Any CPU
		{8BBA3F6D-1AD7-42D6-BA7C-E2F025EBB76D}.Debug|Any CPU.ActiveCfg = Debug|Any CPU
		{8BBA3F6D-1AD7-42D6-BA7C-E2F025EBB76D}.Debug|Any CPU.Build.0 = Debug|Any CPU
		{8BBA3F6D-1AD7-42D6-BA7C-E2F025EBB76D}.Release|Any CPU.ActiveCfg = Release|Any CPU
		{8BBA3F6D-1AD7-42D6-BA7C-E2F025EBB76D}.Release|Any CPU.Build.0 = Release|Any CPU
		{2A3B9736-3B2D-4D59-BBA4-3F7A3D0D77CC}.Debug|Any CPU.ActiveCfg = Debug|Any CPU
		{2A3B9736-3B2D-4D59-BBA4-3F7A3D0D77CC}.Debug|Any CPU.Build.0 = Debug|Any CPU
		{2A3B9736-3B2D-4D59-BBA4-3F7A3D0D77CC}.Release|Any CPU.ActiveCfg = Release|Any CPU
		{2A3B9736-3B2D-4D59-BBA4-3F7A3D0D77CC}.Release|Any CPU.Build.0 = Release|Any CPU
		{0D6B9081-BDF7-4191-92B0-E06AFC34CF72}.Debug|Any CPU.ActiveCfg = Debug|Any CPU
		{0D6B9081-BDF7-4191-92B0-E06AFC34CF72}.Debug|Any CPU.Build.0 = Debug|Any CPU
		{0D6B9081-BDF7-4191-92B0-E06AFC34CF72}.Release|Any CPU.ActiveCfg = Release|Any CPU
		{0D6B9081-BDF7-4191-92B0-E06AFC34CF72}.Release|Any CPU.Build.0 = Release|Any CPU
		{B0983050-B74F-41FF-AC66-6F8EAB789BB4}.Debug|Any CPU.ActiveCfg = Debug|Any CPU
		{B0983050-B74F-41FF-AC66-6F8EAB789BB4}.Debug|Any CPU.Build.0 = Debug|Any CPU
		{B0983050-B74F-41FF-AC66-6F8EAB789BB4}.Release|Any CPU.ActiveCfg = Release|Any CPU
		{B0983050-B74F-41FF-AC66-6F8EAB789BB4}.Release|Any CPU.Build.0 = Release|Any CPU
		{BECB2B8F-1B6E-4A81-B87E-132116CEE7ED}.Debug|Any CPU.ActiveCfg = Debug|Any CPU
		{BECB2B8F-1B6E-4A81-B87E-132116CEE7ED}.Debug|Any CPU.Build.0 = Debug|Any CPU
		{BECB2B8F-1B6E-4A81-B87E-132116CEE7ED}.Release|Any CPU.ActiveCfg = Release|Any CPU
		{BECB2B8F-1B6E-4A81-B87E-132116CEE7ED}.Release|Any CPU.Build.0 = Release|Any CPU
		{0FC2C7DB-4987-4028-BF89-5B2FB5DE4D54}.Debug|Any CPU.ActiveCfg = Debug|Any CPU
		{0FC2C7DB-4987-4028-BF89-5B2FB5DE4D54}.Debug|Any CPU.Build.0 = Debug|Any CPU
		{0FC2C7DB-4987-4028-BF89-5B2FB5DE4D54}.Release|Any CPU.ActiveCfg = Release|Any CPU
		{0FC2C7DB-4987-4028-BF89-5B2FB5DE4D54}.Release|Any CPU.Build.0 = Release|Any CPU
		{94818721-8050-46F5-9600-AFBE590C9C24}.Debug|Any CPU.ActiveCfg = Debug|Any CPU
		{94818721-8050-46F5-9600-AFBE590C9C24}.Debug|Any CPU.Build.0 = Debug|Any CPU
		{94818721-8050-46F5-9600-AFBE590C9C24}.Release|Any CPU.ActiveCfg = Release|Any CPU
		{94818721-8050-46F5-9600-AFBE590C9C24}.Release|Any CPU.Build.0 = Release|Any CPU
		{731C6BD5-869E-4DB1-8EE2-6636D3C41CBB}.Debug|Any CPU.ActiveCfg = Debug|Any CPU
		{731C6BD5-869E-4DB1-8EE2-6636D3C41CBB}.Debug|Any CPU.Build.0 = Debug|Any CPU
		{731C6BD5-869E-4DB1-8EE2-6636D3C41CBB}.Release|Any CPU.ActiveCfg = Release|Any CPU
		{731C6BD5-869E-4DB1-8EE2-6636D3C41CBB}.Release|Any CPU.Build.0 = Release|Any CPU
		{AC9DAC33-06F6-4395-9DB5-4E2A0300D157}.Debug|Any CPU.ActiveCfg = Debug|Any CPU
		{AC9DAC33-06F6-4395-9DB5-4E2A0300D157}.Debug|Any CPU.Build.0 = Debug|Any CPU
		{AC9DAC33-06F6-4395-9DB5-4E2A0300D157}.Release|Any CPU.ActiveCfg = Release|Any CPU
		{AC9DAC33-06F6-4395-9DB5-4E2A0300D157}.Release|Any CPU.Build.0 = Release|Any CPU
		{D26F406B-3E82-4A6D-9A74-E88C809198B1}.Debug|Any CPU.ActiveCfg = Debug|Any CPU
		{D26F406B-3E82-4A6D-9A74-E88C809198B1}.Debug|Any CPU.Build.0 = Debug|Any CPU
		{D26F406B-3E82-4A6D-9A74-E88C809198B1}.Release|Any CPU.ActiveCfg = Release|Any CPU
		{D26F406B-3E82-4A6D-9A74-E88C809198B1}.Release|Any CPU.Build.0 = Release|Any CPU
		{537D1150-127F-4935-AC31-142F0D7225DE}.Debug|Any CPU.ActiveCfg = Debug|Any CPU
		{537D1150-127F-4935-AC31-142F0D7225DE}.Debug|Any CPU.Build.0 = Debug|Any CPU
		{537D1150-127F-4935-AC31-142F0D7225DE}.Release|Any CPU.ActiveCfg = Release|Any CPU
		{537D1150-127F-4935-AC31-142F0D7225DE}.Release|Any CPU.Build.0 = Release|Any CPU
		{A7F66BA0-903A-4DB6-952D-95FA5AE4F525}.Debug|Any CPU.ActiveCfg = Debug|Any CPU
		{A7F66BA0-903A-4DB6-952D-95FA5AE4F525}.Debug|Any CPU.Build.0 = Debug|Any CPU
		{A7F66BA0-903A-4DB6-952D-95FA5AE4F525}.Release|Any CPU.ActiveCfg = Release|Any CPU
		{A7F66BA0-903A-4DB6-952D-95FA5AE4F525}.Release|Any CPU.Build.0 = Release|Any CPU
		{5938AF1F-04E4-498E-9294-BCBE743031C2}.Debug|Any CPU.ActiveCfg = Debug|Any CPU
		{5938AF1F-04E4-498E-9294-BCBE743031C2}.Debug|Any CPU.Build.0 = Debug|Any CPU
		{5938AF1F-04E4-498E-9294-BCBE743031C2}.Release|Any CPU.ActiveCfg = Release|Any CPU
		{5938AF1F-04E4-498E-9294-BCBE743031C2}.Release|Any CPU.Build.0 = Release|Any CPU
		{6D27A632-F0D9-46BD-BC7D-3B2603E2364F}.Debug|Any CPU.ActiveCfg = Debug|Any CPU
		{6D27A632-F0D9-46BD-BC7D-3B2603E2364F}.Debug|Any CPU.Build.0 = Debug|Any CPU
		{6D27A632-F0D9-46BD-BC7D-3B2603E2364F}.Release|Any CPU.ActiveCfg = Release|Any CPU
		{6D27A632-F0D9-46BD-BC7D-3B2603E2364F}.Release|Any CPU.Build.0 = Release|Any CPU
		{9FDE8B2C-5A01-4707-97D8-A2C64697240C}.Debug|Any CPU.ActiveCfg = Debug|Any CPU
		{9FDE8B2C-5A01-4707-97D8-A2C64697240C}.Debug|Any CPU.Build.0 = Debug|Any CPU
		{9FDE8B2C-5A01-4707-97D8-A2C64697240C}.Release|Any CPU.ActiveCfg = Release|Any CPU
		{9FDE8B2C-5A01-4707-97D8-A2C64697240C}.Release|Any CPU.Build.0 = Release|Any CPU
		{14F64700-4A4E-41BF-896B-1F96A5106B1C}.Debug|Any CPU.ActiveCfg = Debug|Any CPU
		{14F64700-4A4E-41BF-896B-1F96A5106B1C}.Debug|Any CPU.Build.0 = Debug|Any CPU
		{14F64700-4A4E-41BF-896B-1F96A5106B1C}.Release|Any CPU.ActiveCfg = Release|Any CPU
		{14F64700-4A4E-41BF-896B-1F96A5106B1C}.Release|Any CPU.Build.0 = Release|Any CPU
		{F3544048-2B2E-4E58-907D-79FAE8F25A9A}.Debug|Any CPU.ActiveCfg = Debug|Any CPU
		{F3544048-2B2E-4E58-907D-79FAE8F25A9A}.Debug|Any CPU.Build.0 = Debug|Any CPU
		{F3544048-2B2E-4E58-907D-79FAE8F25A9A}.Release|Any CPU.ActiveCfg = Release|Any CPU
		{F3544048-2B2E-4E58-907D-79FAE8F25A9A}.Release|Any CPU.Build.0 = Release|Any CPU
		{7B7F6D9E-A9F6-4421-A101-53A398959346}.Debug|Any CPU.ActiveCfg = Debug|Any CPU
		{7B7F6D9E-A9F6-4421-A101-53A398959346}.Debug|Any CPU.Build.0 = Debug|Any CPU
		{7B7F6D9E-A9F6-4421-A101-53A398959346}.Release|Any CPU.ActiveCfg = Release|Any CPU
		{7B7F6D9E-A9F6-4421-A101-53A398959346}.Release|Any CPU.Build.0 = Release|Any CPU
		{074755CD-0ACB-4671-B1AB-FE16C6CEC387}.Debug|Any CPU.ActiveCfg = Debug|Any CPU
		{074755CD-0ACB-4671-B1AB-FE16C6CEC387}.Debug|Any CPU.Build.0 = Debug|Any CPU
		{074755CD-0ACB-4671-B1AB-FE16C6CEC387}.Release|Any CPU.ActiveCfg = Release|Any CPU
		{074755CD-0ACB-4671-B1AB-FE16C6CEC387}.Release|Any CPU.Build.0 = Release|Any CPU
	EndGlobalSection
	GlobalSection(SolutionProperties) = preSolution
		HideSolutionNode = FALSE
	EndGlobalSection
	GlobalSection(NestedProjects) = preSolution
		{316BD6FB-53A8-4A43-BFFE-D7B4A8308549} = {02EA681E-C7D8-13C7-8484-4AC65E1B71E8}
		{D8155267-C7FC-4360-B218-A88E17BA459E} = {02EA681E-C7D8-13C7-8484-4AC65E1B71E8}
		{BE59F1CA-0F1B-4AB6-9343-63B5938B0C78} = {02EA681E-C7D8-13C7-8484-4AC65E1B71E8}
		{E23876D6-0390-4A9E-A28B-02DBBECA221B} = {5EC031F5-2566-4B69-8486-22004DDAD5CF}
		{AEEFE7DD-FC1C-4C3B-BB5F-9B0BBAB21A3B} = {5EC031F5-2566-4B69-8486-22004DDAD5CF}
		{8BBA3F6D-1AD7-42D6-BA7C-E2F025EBB76D} = {5EC031F5-2566-4B69-8486-22004DDAD5CF}
		{2A3B9736-3B2D-4D59-BBA4-3F7A3D0D77CC} = {D22EA87B-6983-4829-9658-498EBEB7FE0F}
		{0D6B9081-BDF7-4191-92B0-E06AFC34CF72} = {D22EA87B-6983-4829-9658-498EBEB7FE0F}
		{B0983050-B74F-41FF-AC66-6F8EAB789BB4} = {D22EA87B-6983-4829-9658-498EBEB7FE0F}
		{BECB2B8F-1B6E-4A81-B87E-132116CEE7ED} = {B8B5D9A0-2A49-468C-952D-E7EEA41A6BEE}
		{0FC2C7DB-4987-4028-BF89-5B2FB5DE4D54} = {B8B5D9A0-2A49-468C-952D-E7EEA41A6BEE}
		{94818721-8050-46F5-9600-AFBE590C9C24} = {B8B5D9A0-2A49-468C-952D-E7EEA41A6BEE}
		{731C6BD5-869E-4DB1-8EE2-6636D3C41CBB} = {E976C290-5EA9-4501-865F-0D5229F30488}
		{AC9DAC33-06F6-4395-9DB5-4E2A0300D157} = {E976C290-5EA9-4501-865F-0D5229F30488}
		{D26F406B-3E82-4A6D-9A74-E88C809198B1} = {E976C290-5EA9-4501-865F-0D5229F30488}
		{537D1150-127F-4935-AC31-142F0D7225DE} = {5C394E13-36A4-4C66-ACDB-219A66433997}
		{A7F66BA0-903A-4DB6-952D-95FA5AE4F525} = {5C394E13-36A4-4C66-ACDB-219A66433997}
		{5938AF1F-04E4-498E-9294-BCBE743031C2} = {5C394E13-36A4-4C66-ACDB-219A66433997}
		{6D27A632-F0D9-46BD-BC7D-3B2603E2364F} = {02D51B6C-27F7-446E-B03B-143E4E35CDDF}
		{9FDE8B2C-5A01-4707-97D8-A2C64697240C} = {02D51B6C-27F7-446E-B03B-143E4E35CDDF}
		{14F64700-4A4E-41BF-896B-1F96A5106B1C} = {02D51B6C-27F7-446E-B03B-143E4E35CDDF}
		{F3544048-2B2E-4E58-907D-79FAE8F25A9A} = {AF9E6231-716F-44EB-90B8-EE50D7CB3712}
		{7B7F6D9E-A9F6-4421-A101-53A398959346} = {AF9E6231-716F-44EB-90B8-EE50D7CB3712}
		{074755CD-0ACB-4671-B1AB-FE16C6CEC387} = {AF9E6231-716F-44EB-90B8-EE50D7CB3712}
	EndGlobalSection
	GlobalSection(ExtensibilityGlobals) = postSolution
		SolutionGuid = {9E84B800-7698-44DB-978B-6011A5148379}
	EndGlobalSection
EndGlobal
